speakeasyVersion: 1.540.1
sources:
    OneRoster API:
        sourceNamespace: one-roster-api
        sourceRevisionDigest: sha256:971077e9c7c650cd8fa2c1a0f75ee32b0ec41a7bdbb11e07fc2fb59d0c971a7e
        sourceBlobDigest: sha256:bbc46961179653def558588e971c9b91f2a4e12d2b3218fb12a08465d7c01529
        tags:
            - latest
            - 1.0.0
targets:
    one-roster:
        source: OneRoster API
        sourceNamespace: one-roster-api
        sourceRevisionDigest: sha256:971077e9c7c650cd8fa2c1a0f75ee32b0ec41a7bdbb11e07fc2fb59d0c971a7e
        sourceBlobDigest: sha256:bbc46961179653def558588e971c9b91f2a4e12d2b3218fb12a08465d7c01529
        codeSamplesNamespace: one-roster-api-typescript-code-samples
        codeSamplesRevisionDigest: sha256:81382536c2660abedf414dd67ebd4f55d1ebad6861f242096c2e57aed7e98eed
workflow:
    workflowVersion: 1.0.0
    speakeasyVersion: latest
    sources:
        OneRoster API:
            inputs:
                - location: .speakeasy/openapi-fixes.yaml
            overlays:
                - location: .speakeasy/speakeasy-modifications-overlay.yaml
            registry:
                location: registry.speakeasyapi.dev/emu-farm/timeback/one-roster-api
    targets:
        one-roster:
            target: typescript
            source: OneRoster API
            codeSamples:
                registry:
                    location: registry.speakeasyapi.dev/emu-farm/timeback/one-roster-api-typescript-code-samples
                labelOverride:
                    fixedValue: Typescript (SDK)
                blocking: false
