speakeasyVersion: 1.540.1
sources:
    OneRoster API:
        sourceNamespace: one-roster-api
        sourceRevisionDigest: sha256:6d935439318765e52b0a41d4af25c73e63c37a2888a5f417b099da4be6e9e1ba
        sourceBlobDigest: sha256:bbc46961179653def558588e971c9b91f2a4e12d2b3218fb12a08465d7c01529
        tags:
            - latest
            - speakeasy-sdk-regen-1745941826
            - 1.0.0
targets:
    one-roster:
        source: OneRoster API
        sourceNamespace: one-roster-api
        sourceRevisionDigest: sha256:6d935439318765e52b0a41d4af25c73e63c37a2888a5f417b099da4be6e9e1ba
        sourceBlobDigest: sha256:bbc46961179653def558588e971c9b91f2a4e12d2b3218fb12a08465d7c01529
        codeSamplesNamespace: one-roster-api-typescript-code-samples
        codeSamplesRevisionDigest: sha256:01a4fb214f1dec504915b52202ee860e1f0209b4a412844ab06f02b58e4567bb
workflow:
    workflowVersion: 1.0.0
    speakeasyVersion: latest
    sources:
        OneRoster API:
            inputs:
                - location: .speakeasy/openapi-fixes.yaml
            overlays:
                - location: .speakeasy/speakeasy-modifications-overlay.yaml
            registry:
                location: registry.speakeasyapi.dev/emu-farm/timeback/one-roster-api
    targets:
        one-roster:
            target: typescript
            source: OneRoster API
            publish:
                npm:
                    token: $npm_token
            codeSamples:
                registry:
                    location: registry.speakeasyapi.dev/emu-farm/timeback/one-roster-api-typescript-code-samples
                labelOverride:
                    fixedValue: Typescript (SDK)
                blocking: false
