speakeasyVersion: 1.541.1
sources:
    OneRoster API:
        sourceNamespace: one-roster-api
        sourceRevisionDigest: sha256:e0d357bee69eb547aad0afa3daddbca22ce3000711ee482b9241fd91b191cd3f
        sourceBlobDigest: sha256:a0aa486e96b21f7b018a0e2e8e9541ad0f01492a52a5fc36c140e130e9af7f31
        tags:
            - latest
            - 1.0.0
targets:
    one-roster:
        source: OneRoster API
        sourceNamespace: one-roster-api
        sourceRevisionDigest: sha256:e0d357bee69eb547aad0afa3daddbca22ce3000711ee482b9241fd91b191cd3f
        sourceBlobDigest: sha256:a0aa486e96b21f7b018a0e2e8e9541ad0f01492a52a5fc36c140e130e9af7f31
        codeSamplesNamespace: one-roster-api-typescript-code-samples
        codeSamplesRevisionDigest: sha256:6954f76f6fa95720f6e3001e546d12a4321d0a83cac505110881be2e877a5e59
workflow:
    workflowVersion: 1.0.0
    speakeasyVersion: latest
    sources:
        OneRoster API:
            inputs:
                - location: .speakeasy/openapi.yaml
            overlays:
                - location: .speakeasy/speakeasy-modifications-overlay.yaml
                - location: .speakeasy/openapi-fixes-overlay.yaml
            registry:
                location: registry.speakeasyapi.dev/emu-farm/timeback/one-roster-api
    targets:
        one-roster:
            target: typescript
            source: OneRoster API
            publish:
                npm:
                    token: $npm_token
            codeSamples:
                registry:
                    location: registry.speakeasyapi.dev/emu-farm/timeback/one-roster-api-typescript-code-samples
                labelOverride:
                    fixedValue: Typescript (SDK)
                blocking: false
